schema: '2.0'
stages:
  prepare:
    cmd: python src/prepare.py
    deps:
    - path: data/raw/
      md5: 23b86cd8ad2e8b589e6d306321303be8.dir
      size: 105143224
      nfiles: 13215
    - path: src/prepare.py
      md5: ef804f358e00edcfe52c865b471f8f55
      size: 1231
    outs:
    - path: data/prepared/test.csv
      md5: a59ecd7e0b5e08d24378260be34d0a54
      size: 70366
    - path: data/prepared/train.csv
      md5: 1553c682ccb36190ec0192f9d15ed806
      size: 183793
  train:
    cmd: python src/train.py
    deps:
    - path: data/prepared/train.csv
      md5: 1553c682ccb36190ec0192f9d15ed806
      size: 183793
    - path: src/train.py
      md5: 3363e5db83cc3fa372f5438633b99f65
      size: 1371
    outs:
    - path: model/model.joblib
      md5: 077e4764ee4d77e50efdfd1f7f05b181
      size: 1696128
  evaluate:
    cmd: python src/evaluate.py
    deps:
    - path: model/model.joblib
      md5: 077e4764ee4d77e50efdfd1f7f05b181
      size: 1696128
    - path: src/evaluate.py
      md5: b197277667d6269271fff4ae4af8a941
      size: 645
    outs:
    - path: metrics/accuracy.json
      md5: 9ff031ea67e6b06f62eb7ef21f960db5
      size: 32
